
Microsoft Visual Studio Solution File, Format Version 12.00
# Visual Studio 15
VisualStudioVersion = 15.0.26228.4
MinimumVisualStudioVersion = 10.0.40219.1
Project("{2150E333-8FDC-42A3-9474-1A3956D46DE8}") = "src", "src", "{75493F52-C13F-4072-BE8F-2E40505A092B}"
EndProject
Project("{9A19103F-16F7-4668-BE54-9A1E7A4F7556}") = "NoBeerNoParty.TicketRegistration", "src\NoBeerNoParty.TicketRegistration\NoBeerNoParty.TicketRegistration.csproj", "{EE194751-1169-463B-BFF9-02D4C34172E9}"
EndProject
Project("{2150E333-8FDC-42A3-9474-1A3956D46DE8}") = "Solution Items", "Solution Items", "{963B3221-F08F-46B7-BF15-24C8838CE50D}"
	ProjectSection(SolutionItems) = preProject
		.gitignore = .gitignore
		LICENSE = LICENSE
		README.md = README.md
	EndProjectSection
EndProject
Global
	GlobalSection(SolutionConfigurationPlatforms) = preSolution
		Debug|Any CPU = Debug|Any CPU
		Release|Any CPU = Release|Any CPU
	EndGlobalSection
	GlobalSection(ProjectConfigurationPlatforms) = postSolution
		{EE194751-1169-463B-BFF9-02D4C34172E9}.Debug|Any CPU.ActiveCfg = Debug|Any CPU
		{EE194751-1169-463B-BFF9-02D4C34172E9}.Debug|Any CPU.Build.0 = Debug|Any CPU
		{EE194751-1169-463B-BFF9-02D4C34172E9}.Release|Any CPU.ActiveCfg = Release|Any CPU
		{EE194751-1169-463B-BFF9-02D4C34172E9}.Release|Any CPU.Build.0 = Release|Any CPU
	EndGlobalSection
	GlobalSection(SolutionProperties) = preSolution
		HideSolutionNode = FALSE
	EndGlobalSection
	GlobalSection(NestedProjects) = preSolution
		{EE194751-1169-463B-BFF9-02D4C34172E9} = {75493F52-C13F-4072-BE8F-2E40505A092B}
	EndGlobalSection
EndGlobal
